// !$*UTF8*$!
{
	archiveVersion = 1;
	classes = {
	};
	objectVersion = 56;
	objects = {

/* Begin PBXBuildFile section */
		22122C572BF3F02E00A9117E /* PeakPeaceApp.swift in Sources */ = {isa = PBXBuildFile; fileRef = 22122C562BF3F02E00A9117E /* PeakPeaceApp.swift */; };
		22122C592BF3F02E00A9117E /* PeakPeaceTabView.swift in Sources */ = {isa = PBXBuildFile; fileRef = 22122C582BF3F02E00A9117E /* PeakPeaceTabView.swift */; };
		22122C5B2BF3F02F00A9117E /* Assets.xcassets in Resources */ = {isa = PBXBuildFile; fileRef = 22122C5A2BF3F02F00A9117E /* Assets.xcassets */; };
		22122C5E2BF3F02F00A9117E /* Preview Assets.xcassets in Resources */ = {isa = PBXBuildFile; fileRef = 22122C5D2BF3F02F00A9117E /* Preview Assets.xcassets */; };
		22122C682BF3F10E00A9117E /* landmarkData.json in Resources */ = {isa = PBXBuildFile; fileRef = 22122C672BF3F10E00A9117E /* landmarkData.json */; };
		22122C6C2BF3F1A900A9117E /* Landmark.swift in Sources */ = {isa = PBXBuildFile; fileRef = 22122C6B2BF3F1A900A9117E /* Landmark.swift */; };
		22122C6E2BF3F3E700A9117E /* LoadData.swift in Sources */ = {isa = PBXBuildFile; fileRef = 22122C6D2BF3F3E700A9117E /* LoadData.swift */; };
		22122C702BF3F60500A9117E /* MapView.swift in Sources */ = {isa = PBXBuildFile; fileRef = 22122C6F2BF3F60500A9117E /* MapView.swift */; };
		22122C742BF3F65300A9117E /* LandmarkViewModel.swift in Sources */ = {isa = PBXBuildFile; fileRef = 22122C732BF3F65300A9117E /* LandmarkViewModel.swift */; };
		22122C762BF3F8E100A9117E /* CircleImage.swift in Sources */ = {isa = PBXBuildFile; fileRef = 22122C752BF3F8E100A9117E /* CircleImage.swift */; };
		22122C782BF3FB3300A9117E /* LandmarkDetail.swift in Sources */ = {isa = PBXBuildFile; fileRef = 22122C772BF3FB3300A9117E /* LandmarkDetail.swift */; };
		22C74A5D2BFBB3D50048A4ED /* HexagonParametrs.swift in Sources */ = {isa = PBXBuildFile; fileRef = 22C74A5C2BFBB3D50048A4ED /* HexagonParametrs.swift */; };
		22C74A5F2BFBBA290048A4ED /* BadgeBackground.swift in Sources */ = {isa = PBXBuildFile; fileRef = 22C74A5E2BFBBA290048A4ED /* BadgeBackground.swift */; };
		22C74A612BFD0B9E0048A4ED /* BadgeSymbol.swift in Sources */ = {isa = PBXBuildFile; fileRef = 22C74A602BFD0B9E0048A4ED /* BadgeSymbol.swift */; };
		22C74A632BFD16470048A4ED /* RotateBadgeSymbol.swift in Sources */ = {isa = PBXBuildFile; fileRef = 22C74A622BFD16470048A4ED /* RotateBadgeSymbol.swift */; };
		22C74A652BFD16D60048A4ED /* Badge.swift in Sources */ = {isa = PBXBuildFile; fileRef = 22C74A642BFD16D60048A4ED /* Badge.swift */; };
		22C74A672BFD1C640048A4ED /* hikeData.json in Resources */ = {isa = PBXBuildFile; fileRef = 22C74A662BFD1C640048A4ED /* hikeData.json */; };
		22C74A6B2BFD1DE70048A4ED /* Animation+Ext.swift in Sources */ = {isa = PBXBuildFile; fileRef = 22C74A6A2BFD1DE70048A4ED /* Animation+Ext.swift */; };
		22C74A6D2BFD1EB40048A4ED /* HikeViewModel.swift in Sources */ = {isa = PBXBuildFile; fileRef = 22C74A6C2BFD1EB40048A4ED /* HikeViewModel.swift */; };
		22C74A6F2BFD1EF10048A4ED /* Hike.swift in Sources */ = {isa = PBXBuildFile; fileRef = 22C74A6E2BFD1EF10048A4ED /* Hike.swift */; };
		22C74A712BFD24640048A4ED /* HikeGraph.swift in Sources */ = {isa = PBXBuildFile; fileRef = 22C74A702BFD24640048A4ED /* HikeGraph.swift */; };
		22C74A732BFD289A0048A4ED /* CapsuleGraph.swift in Sources */ = {isa = PBXBuildFile; fileRef = 22C74A722BFD289A0048A4ED /* CapsuleGraph.swift */; };
		22C74A752BFD2DF00048A4ED /* HikeDetails.swift in Sources */ = {isa = PBXBuildFile; fileRef = 22C74A742BFD2DF00048A4ED /* HikeDetails.swift */; };
		22C74A772BFD34730048A4ED /* HikeView.swift in Sources */ = {isa = PBXBuildFile; fileRef = 22C74A762BFD34730048A4ED /* HikeView.swift */; };
		22C74A792BFD34BF0048A4ED /* Transition+Ext.swift in Sources */ = {isa = PBXBuildFile; fileRef = 22C74A782BFD34BF0048A4ED /* Transition+Ext.swift */; };
		22C74A7C2BFE61270048A4ED /* CategoryHome.swift in Sources */ = {isa = PBXBuildFile; fileRef = 22C74A7B2BFE61270048A4ED /* CategoryHome.swift */; };
		22C74A7E2BFE63100048A4ED /* CategoryRow.swift in Sources */ = {isa = PBXBuildFile; fileRef = 22C74A7D2BFE63100048A4ED /* CategoryRow.swift */; };
		22C74A802BFE64D00048A4ED /* CategoryItem.swift in Sources */ = {isa = PBXBuildFile; fileRef = 22C74A7F2BFE64D00048A4ED /* CategoryItem.swift */; };
		22D5BEEF2BF67E8A002DF67B /* LandmarkRow.swift in Sources */ = {isa = PBXBuildFile; fileRef = 22D5BEEE2BF67E8A002DF67B /* LandmarkRow.swift */; };
		22D5BEF12BF67FC0002DF67B /* LandmarkList.swift in Sources */ = {isa = PBXBuildFile; fileRef = 22D5BEF02BF67FC0002DF67B /* LandmarkList.swift */; };
		22D5BEF52BF7D0D0002DF67B /* FavoriteButton.swift in Sources */ = {isa = PBXBuildFile; fileRef = 22D5BEF42BF7D0D0002DF67B /* FavoriteButton.swift */; };
/* End PBXBuildFile section */

/* Begin PBXFileReference section */
		22122C532BF3F02E00A9117E /* PeakPeace.app */ = {isa = PBXFileReference; explicitFileType = wrapper.application; includeInIndex = 0; path = PeakPeace.app; sourceTree = BUILT_PRODUCTS_DIR; };
		22122C562BF3F02E00A9117E /* PeakPeaceApp.swift */ = {isa = PBXFileReference; lastKnownFileType = sourcecode.swift; path = PeakPeaceApp.swift; sourceTree = "<group>"; };
		22122C582BF3F02E00A9117E /* PeakPeaceTabView.swift */ = {isa = PBXFileReference; lastKnownFileType = sourcecode.swift; path = PeakPeaceTabView.swift; sourceTree = "<group>"; };
		22122C5A2BF3F02F00A9117E /* Assets.xcassets */ = {isa = PBXFileReference; lastKnownFileType = folder.assetcatalog; path = Assets.xcassets; sourceTree = "<group>"; };
		22122C5D2BF3F02F00A9117E /* Preview Assets.xcassets */ = {isa = PBXFileReference; lastKnownFileType = folder.assetcatalog; path = "Preview Assets.xcassets"; sourceTree = "<group>"; };
		22122C672BF3F10E00A9117E /* landmarkData.json */ = {isa = PBXFileReference; fileEncoding = 4; lastKnownFileType = text.json; path = landmarkData.json; sourceTree = "<group>"; };
		22122C6B2BF3F1A900A9117E /* Landmark.swift */ = {isa = PBXFileReference; lastKnownFileType = sourcecode.swift; path = Landmark.swift; sourceTree = "<group>"; };
		22122C6D2BF3F3E700A9117E /* LoadData.swift */ = {isa = PBXFileReference; lastKnownFileType = sourcecode.swift; path = LoadData.swift; sourceTree = "<group>"; };
		22122C6F2BF3F60500A9117E /* MapView.swift */ = {isa = PBXFileReference; lastKnownFileType = sourcecode.swift; path = MapView.swift; sourceTree = "<group>"; };
		22122C732BF3F65300A9117E /* LandmarkViewModel.swift */ = {isa = PBXFileReference; lastKnownFileType = sourcecode.swift; path = LandmarkViewModel.swift; sourceTree = "<group>"; };
		22122C752BF3F8E100A9117E /* CircleImage.swift */ = {isa = PBXFileReference; lastKnownFileType = sourcecode.swift; path = CircleImage.swift; sourceTree = "<group>"; };
		22122C772BF3FB3300A9117E /* LandmarkDetail.swift */ = {isa = PBXFileReference; lastKnownFileType = sourcecode.swift; path = LandmarkDetail.swift; sourceTree = "<group>"; };
		22C74A5C2BFBB3D50048A4ED /* HexagonParametrs.swift */ = {isa = PBXFileReference; lastKnownFileType = sourcecode.swift; path = HexagonParametrs.swift; sourceTree = "<group>"; };
		22C74A5E2BFBBA290048A4ED /* BadgeBackground.swift */ = {isa = PBXFileReference; lastKnownFileType = sourcecode.swift; path = BadgeBackground.swift; sourceTree = "<group>"; };
		22C74A602BFD0B9E0048A4ED /* BadgeSymbol.swift */ = {isa = PBXFileReference; lastKnownFileType = sourcecode.swift; path = BadgeSymbol.swift; sourceTree = "<group>"; };
		22C74A622BFD16470048A4ED /* RotateBadgeSymbol.swift */ = {isa = PBXFileReference; lastKnownFileType = sourcecode.swift; path = RotateBadgeSymbol.swift; sourceTree = "<group>"; };
		22C74A642BFD16D60048A4ED /* Badge.swift */ = {isa = PBXFileReference; lastKnownFileType = sourcecode.swift; path = Badge.swift; sourceTree = "<group>"; };
		22C74A662BFD1C640048A4ED /* hikeData.json */ = {isa = PBXFileReference; fileEncoding = 4; lastKnownFileType = text.json; path = hikeData.json; sourceTree = "<group>"; };
		22C74A6A2BFD1DE70048A4ED /* Animation+Ext.swift */ = {isa = PBXFileReference; lastKnownFileType = sourcecode.swift; path = "Animation+Ext.swift"; sourceTree = "<group>"; };
		22C74A6C2BFD1EB40048A4ED /* HikeViewModel.swift */ = {isa = PBXFileReference; lastKnownFileType = sourcecode.swift; path = HikeViewModel.swift; sourceTree = "<group>"; };
		22C74A6E2BFD1EF10048A4ED /* Hike.swift */ = {isa = PBXFileReference; lastKnownFileType = sourcecode.swift; path = Hike.swift; sourceTree = "<group>"; };
		22C74A702BFD24640048A4ED /* HikeGraph.swift */ = {isa = PBXFileReference; lastKnownFileType = sourcecode.swift; path = HikeGraph.swift; sourceTree = "<group>"; };
		22C74A722BFD289A0048A4ED /* CapsuleGraph.swift */ = {isa = PBXFileReference; lastKnownFileType = sourcecode.swift; path = CapsuleGraph.swift; sourceTree = "<group>"; };
		22C74A742BFD2DF00048A4ED /* HikeDetails.swift */ = {isa = PBXFileReference; lastKnownFileType = sourcecode.swift; path = HikeDetails.swift; sourceTree = "<group>"; };
		22C74A762BFD34730048A4ED /* HikeView.swift */ = {isa = PBXFileReference; lastKnownFileType = sourcecode.swift; path = HikeView.swift; sourceTree = "<group>"; };
		22C74A782BFD34BF0048A4ED /* Transition+Ext.swift */ = {isa = PBXFileReference; lastKnownFileType = sourcecode.swift; path = "Transition+Ext.swift"; sourceTree = "<group>"; };
		22C74A7B2BFE61270048A4ED /* CategoryHome.swift */ = {isa = PBXFileReference; lastKnownFileType = sourcecode.swift; path = CategoryHome.swift; sourceTree = "<group>"; };
		22C74A7D2BFE63100048A4ED /* CategoryRow.swift */ = {isa = PBXFileReference; lastKnownFileType = sourcecode.swift; path = CategoryRow.swift; sourceTree = "<group>"; };
		22C74A7F2BFE64D00048A4ED /* CategoryItem.swift */ = {isa = PBXFileReference; lastKnownFileType = sourcecode.swift; path = CategoryItem.swift; sourceTree = "<group>"; };
		22D5BEEE2BF67E8A002DF67B /* LandmarkRow.swift */ = {isa = PBXFileReference; lastKnownFileType = sourcecode.swift; path = LandmarkRow.swift; sourceTree = "<group>"; };
		22D5BEF02BF67FC0002DF67B /* LandmarkList.swift */ = {isa = PBXFileReference; lastKnownFileType = sourcecode.swift; path = LandmarkList.swift; sourceTree = "<group>"; };
		22D5BEF42BF7D0D0002DF67B /* FavoriteButton.swift */ = {isa = PBXFileReference; lastKnownFileType = sourcecode.swift; path = FavoriteButton.swift; sourceTree = "<group>"; };
/* End PBXFileReference section */

/* Begin PBXFrameworksBuildPhase section */
		22122C502BF3F02E00A9117E /* Frameworks */ = {
			isa = PBXFrameworksBuildPhase;
			buildActionMask = 2147483647;
			files = (
			);
			runOnlyForDeploymentPostprocessing = 0;
		};
/* End PBXFrameworksBuildPhase section */

/* Begin PBXGroup section */
		22122C4A2BF3F02E00A9117E = {
			isa = PBXGroup;
			children = (
				22122C552BF3F02E00A9117E /* PeakPeace */,
				22122C542BF3F02E00A9117E /* Products */,
			);
			sourceTree = "<group>";
		};
		22122C542BF3F02E00A9117E /* Products */ = {
			isa = PBXGroup;
			children = (
				22122C532BF3F02E00A9117E /* PeakPeace.app */,
			);
			name = Products;
			sourceTree = "<group>";
		};
		22122C552BF3F02E00A9117E /* PeakPeace */ = {
			isa = PBXGroup;
			children = (
				22122C562BF3F02E00A9117E /* PeakPeaceApp.swift */,
				22122C662BF3F0F200A9117E /* Views */,
				22122C652BF3F0EB00A9117E /* Models */,
				22C74A692BFD1DC60048A4ED /* Extenshions */,
				22122C642BF3F0CE00A9117E /* Resources */,
				22122C5A2BF3F02F00A9117E /* Assets.xcassets */,
				22122C5C2BF3F02F00A9117E /* Preview Content */,
			);
			path = PeakPeace;
			sourceTree = "<group>";
		};
		22122C5C2BF3F02F00A9117E /* Preview Content */ = {
			isa = PBXGroup;
			children = (
				22122C5D2BF3F02F00A9117E /* Preview Assets.xcassets */,
			);
			path = "Preview Content";
			sourceTree = "<group>";
		};
		22122C642BF3F0CE00A9117E /* Resources */ = {
			isa = PBXGroup;
			children = (
				22122C672BF3F10E00A9117E /* landmarkData.json */,
				22C74A662BFD1C640048A4ED /* hikeData.json */,
			);
			path = Resources;
			sourceTree = "<group>";
		};
		22122C652BF3F0EB00A9117E /* Models */ = {
			isa = PBXGroup;
			children = (
				22122C6B2BF3F1A900A9117E /* Landmark.swift */,
				22C74A6E2BFD1EF10048A4ED /* Hike.swift */,
				22122C6D2BF3F3E700A9117E /* LoadData.swift */,
			);
			path = Models;
			sourceTree = "<group>";
		};
		22122C662BF3F0F200A9117E /* Views */ = {
			isa = PBXGroup;
			children = (
				22122C582BF3F02E00A9117E /* PeakPeaceTabView.swift */,
				22122C712BF3F60E00A9117E /* Landmark */,
				22C74A812BFE725E0048A4ED /* Profile */,
				22C74A552BFAFDAC0048A4ED /* Badges */,
				22C74A682BFD1C6F0048A4ED /* Hikes */,
			);
			path = Views;
			sourceTree = "<group>";
		};
		22122C712BF3F60E00A9117E /* Landmark */ = {
			isa = PBXGroup;
			children = (
				22C74A7A2BFE5DCA0048A4ED /* Categories */,
				22D5BEF02BF67FC0002DF67B /* LandmarkList.swift */,
				22122C772BF3FB3300A9117E /* LandmarkDetail.swift */,
				22D5BEEE2BF67E8A002DF67B /* LandmarkRow.swift */,
				22122C732BF3F65300A9117E /* LandmarkViewModel.swift */,
				22122C722BF3F61B00A9117E /* Heplers */,
			);
			path = Landmark;
			sourceTree = "<group>";
		};
		22122C722BF3F61B00A9117E /* Heplers */ = {
			isa = PBXGroup;
			children = (
				22122C6F2BF3F60500A9117E /* MapView.swift */,
				22122C752BF3F8E100A9117E /* CircleImage.swift */,
				22D5BEF42BF7D0D0002DF67B /* FavoriteButton.swift */,
			);
			path = Heplers;
			sourceTree = "<group>";
		};
		22C74A552BFAFDAC0048A4ED /* Badges */ = {
			isa = PBXGroup;
			children = (
				22C74A642BFD16D60048A4ED /* Badge.swift */,
				22C74A622BFD16470048A4ED /* RotateBadgeSymbol.swift */,
				22C74A602BFD0B9E0048A4ED /* BadgeSymbol.swift */,
				22C74A5E2BFBBA290048A4ED /* BadgeBackground.swift */,
				22C74A5C2BFBB3D50048A4ED /* HexagonParametrs.swift */,
			);
			path = Badges;
			sourceTree = "<group>";
		};
		22C74A682BFD1C6F0048A4ED /* Hikes */ = {
			isa = PBXGroup;
			children = (
				22C74A762BFD34730048A4ED /* HikeView.swift */,
				22C74A702BFD24640048A4ED /* HikeGraph.swift */,
				22C74A742BFD2DF00048A4ED /* HikeDetails.swift */,
				22C74A722BFD289A0048A4ED /* CapsuleGraph.swift */,
				22C74A6C2BFD1EB40048A4ED /* HikeViewModel.swift */,
			);
			path = Hikes;
			sourceTree = "<group>";
		};
		22C74A692BFD1DC60048A4ED /* Extenshions */ = {
			isa = PBXGroup;
			children = (
				22C74A6A2BFD1DE70048A4ED /* Animation+Ext.swift */,
				22C74A782BFD34BF0048A4ED /* Transition+Ext.swift */,
			);
			path = Extenshions;
			sourceTree = "<group>";
		};
		22C74A7A2BFE5DCA0048A4ED /* Categories */ = {
			isa = PBXGroup;
			children = (
				22C74A7B2BFE61270048A4ED /* CategoryHome.swift */,
				22C74A7D2BFE63100048A4ED /* CategoryRow.swift */,
				22C74A7F2BFE64D00048A4ED /* CategoryItem.swift */,
			);
			path = Categories;
			sourceTree = "<group>";
		};
		22C74A812BFE725E0048A4ED /* Profile */ = {
			isa = PBXGroup;
			children = (
			);
			path = Profile;
			sourceTree = "<group>";
		};
/* End PBXGroup section */

/* Begin PBXNativeTarget section */
		22122C522BF3F02E00A9117E /* PeakPeace */ = {
			isa = PBXNativeTarget;
			buildConfigurationList = 22122C612BF3F02F00A9117E /* Build configuration list for PBXNativeTarget "PeakPeace" */;
			buildPhases = (
				22122C4F2BF3F02E00A9117E /* Sources */,
				22122C502BF3F02E00A9117E /* Frameworks */,
				22122C512BF3F02E00A9117E /* Resources */,
			);
			buildRules = (
			);
			dependencies = (
			);
			name = PeakPeace;
			productName = PeakPeace;
			productReference = 22122C532BF3F02E00A9117E /* PeakPeace.app */;
			productType = "com.apple.product-type.application";
		};
/* End PBXNativeTarget section */

/* Begin PBXProject section */
		22122C4B2BF3F02E00A9117E /* Project object */ = {
			isa = PBXProject;
			attributes = {
				BuildIndependentTargetsInParallel = 1;
				LastSwiftUpdateCheck = 1530;
				LastUpgradeCheck = 1530;
				TargetAttributes = {
					22122C522BF3F02E00A9117E = {
						CreatedOnToolsVersion = 15.3;
					};
				};
			};
			buildConfigurationList = 22122C4E2BF3F02E00A9117E /* Build configuration list for PBXProject "PeakPeace" */;
			compatibilityVersion = "Xcode 14.0";
			developmentRegion = en;
			hasScannedForEncodings = 0;
			knownRegions = (
				en,
				Base,
			);
			mainGroup = 22122C4A2BF3F02E00A9117E;
			productRefGroup = 22122C542BF3F02E00A9117E /* Products */;
			projectDirPath = "";
			projectRoot = "";
			targets = (
				22122C522BF3F02E00A9117E /* PeakPeace */,
			);
		};
/* End PBXProject section */

/* Begin PBXResourcesBuildPhase section */
		22122C512BF3F02E00A9117E /* Resources */ = {
			isa = PBXResourcesBuildPhase;
			buildActionMask = 2147483647;
			files = (
				22C74A672BFD1C640048A4ED /* hikeData.json in Resources */,
				22122C5E2BF3F02F00A9117E /* Preview Assets.xcassets in Resources */,
				22122C5B2BF3F02F00A9117E /* Assets.xcassets in Resources */,
				22122C682BF3F10E00A9117E /* landmarkData.json in Resources */,
			);
			runOnlyForDeploymentPostprocessing = 0;
		};
/* End PBXResourcesBuildPhase section */

/* Begin PBXSourcesBuildPhase section */
		22122C4F2BF3F02E00A9117E /* Sources */ = {
			isa = PBXSourcesBuildPhase;
			buildActionMask = 2147483647;
			files = (
				22122C592BF3F02E00A9117E /* PeakPeaceTabView.swift in Sources */,
				22C74A752BFD2DF00048A4ED /* HikeDetails.swift in Sources */,
				22122C572BF3F02E00A9117E /* PeakPeaceApp.swift in Sources */,
				22C74A6B2BFD1DE70048A4ED /* Animation+Ext.swift in Sources */,
				22C74A802BFE64D00048A4ED /* CategoryItem.swift in Sources */,
				22C74A7C2BFE61270048A4ED /* CategoryHome.swift in Sources */,
				22C74A6F2BFD1EF10048A4ED /* Hike.swift in Sources */,
				22C74A7E2BFE63100048A4ED /* CategoryRow.swift in Sources */,
				22122C702BF3F60500A9117E /* MapView.swift in Sources */,
				22122C762BF3F8E100A9117E /* CircleImage.swift in Sources */,
				22122C782BF3FB3300A9117E /* LandmarkDetail.swift in Sources */,
				22122C6C2BF3F1A900A9117E /* Landmark.swift in Sources */,
				22C74A5D2BFBB3D50048A4ED /* HexagonParametrs.swift in Sources */,
				22C74A612BFD0B9E0048A4ED /* BadgeSymbol.swift in Sources */,
				22122C742BF3F65300A9117E /* LandmarkViewModel.swift in Sources */,
				22C74A652BFD16D60048A4ED /* Badge.swift in Sources */,
				22C74A5F2BFBBA290048A4ED /* BadgeBackground.swift in Sources */,
				22C74A792BFD34BF0048A4ED /* Transition+Ext.swift in Sources */,
				22C74A712BFD24640048A4ED /* HikeGraph.swift in Sources */,
				22C74A772BFD34730048A4ED /* HikeView.swift in Sources */,
				22C74A732BFD289A0048A4ED /* CapsuleGraph.swift in Sources */,
				22122C6E2BF3F3E700A9117E /* LoadData.swift in Sources */,
				22C74A632BFD16470048A4ED /* RotateBadgeSymbol.swift in Sources */,
				22D5BEEF2BF67E8A002DF67B /* LandmarkRow.swift in Sources */,
				22C74A6D2BFD1EB40048A4ED /* HikeViewModel.swift in Sources */,
				22D5BEF52BF7D0D0002DF67B /* FavoriteButton.swift in Sources */,
				22D5BEF12BF67FC0002DF67B /* LandmarkList.swift in Sources */,
			);
			runOnlyForDeploymentPostprocessing = 0;
		};
/* End PBXSourcesBuildPhase section */

/* Begin XCBuildConfiguration section */
		22122C5F2BF3F02F00A9117E /* Debug */ = {
			isa = XCBuildConfiguration;
			buildSettings = {
				ALWAYS_SEARCH_USER_PATHS = NO;
				ASSETCATALOG_COMPILER_GENERATE_SWIFT_ASSET_SYMBOL_EXTENSIONS = YES;
				CLANG_ANALYZER_NONNULL = YES;
				CLANG_ANALYZER_NUMBER_OBJECT_CONVERSION = YES_AGGRESSIVE;
				CLANG_CXX_LANGUAGE_STANDARD = "gnu++20";
				CLANG_ENABLE_MODULES = YES;
				CLANG_ENABLE_OBJC_ARC = YES;
				CLANG_ENABLE_OBJC_WEAK = YES;
				CLANG_WARN_BLOCK_CAPTURE_AUTORELEASING = YES;
				CLANG_WARN_BOOL_CONVERSION = YES;
				CLANG_WARN_COMMA = YES;
				CLANG_WARN_CONSTANT_CONVERSION = YES;
				CLANG_WARN_DEPRECATED_OBJC_IMPLEMENTATIONS = YES;
				CLANG_WARN_DIRECT_OBJC_ISA_USAGE = YES_ERROR;
				CLANG_WARN_DOCUMENTATION_COMMENTS = YES;
				CLANG_WARN_EMPTY_BODY = YES;
				CLANG_WARN_ENUM_CONVERSION = YES;
				CLANG_WARN_INFINITE_RECURSION = YES;
				CLANG_WARN_INT_CONVERSION = YES;
				CLANG_WARN_NON_LITERAL_NULL_CONVERSION = YES;
				CLANG_WARN_OBJC_IMPLICIT_RETAIN_SELF = YES;
				CLANG_WARN_OBJC_LITERAL_CONVERSION = YES;
				CLANG_WARN_OBJC_ROOT_CLASS = YES_ERROR;
				CLANG_WARN_QUOTED_INCLUDE_IN_FRAMEWORK_HEADER = YES;
				CLANG_WARN_RANGE_LOOP_ANALYSIS = YES;
				CLANG_WARN_STRICT_PROTOTYPES = YES;
				CLANG_WARN_SUSPICIOUS_MOVE = YES;
				CLANG_WARN_UNGUARDED_AVAILABILITY = YES_AGGRESSIVE;
				CLANG_WARN_UNREACHABLE_CODE = YES;
				CLANG_WARN__DUPLICATE_METHOD_MATCH = YES;
				COPY_PHASE_STRIP = NO;
				DEBUG_INFORMATION_FORMAT = dwarf;
				ENABLE_STRICT_OBJC_MSGSEND = YES;
				ENABLE_TESTABILITY = YES;
				ENABLE_USER_SCRIPT_SANDBOXING = YES;
				GCC_C_LANGUAGE_STANDARD = gnu17;
				GCC_DYNAMIC_NO_PIC = NO;
				GCC_NO_COMMON_BLOCKS = YES;
				GCC_OPTIMIZATION_LEVEL = 0;
				GCC_PREPROCESSOR_DEFINITIONS = (
					"DEBUG=1",
					"$(inherited)",
				);
				GCC_WARN_64_TO_32_BIT_CONVERSION = YES;
				GCC_WARN_ABOUT_RETURN_TYPE = YES_ERROR;
				GCC_WARN_UNDECLARED_SELECTOR = YES;
				GCC_WARN_UNINITIALIZED_AUTOS = YES_AGGRESSIVE;
				GCC_WARN_UNUSED_FUNCTION = YES;
				GCC_WARN_UNUSED_VARIABLE = YES;
				IPHONEOS_DEPLOYMENT_TARGET = 15.0;
				LOCALIZATION_PREFERS_STRING_CATALOGS = YES;
				MTL_ENABLE_DEBUG_INFO = INCLUDE_SOURCE;
				MTL_FAST_MATH = YES;
				ONLY_ACTIVE_ARCH = YES;
				SDKROOT = iphoneos;
				SWIFT_ACTIVE_COMPILATION_CONDITIONS = "DEBUG $(inherited)";
				SWIFT_OPTIMIZATION_LEVEL = "-Onone";
			};
			name = Debug;
		};
		22122C602BF3F02F00A9117E /* Release */ = {
			isa = XCBuildConfiguration;
			buildSettings = {
				ALWAYS_SEARCH_USER_PATHS = NO;
				ASSETCATALOG_COMPILER_GENERATE_SWIFT_ASSET_SYMBOL_EXTENSIONS = YES;
				CLANG_ANALYZER_NONNULL = YES;
				CLANG_ANALYZER_NUMBER_OBJECT_CONVERSION = YES_AGGRESSIVE;
				CLANG_CXX_LANGUAGE_STANDARD = "gnu++20";
				CLANG_ENABLE_MODULES = YES;
				CLANG_ENABLE_OBJC_ARC = YES;
				CLANG_ENABLE_OBJC_WEAK = YES;
				CLANG_WARN_BLOCK_CAPTURE_AUTORELEASING = YES;
				CLANG_WARN_BOOL_CONVERSION = YES;
				CLANG_WARN_COMMA = YES;
				CLANG_WARN_CONSTANT_CONVERSION = YES;
				CLANG_WARN_DEPRECATED_OBJC_IMPLEMENTATIONS = YES;
				CLANG_WARN_DIRECT_OBJC_ISA_USAGE = YES_ERROR;
				CLANG_WARN_DOCUMENTATION_COMMENTS = YES;
				CLANG_WARN_EMPTY_BODY = YES;
				CLANG_WARN_ENUM_CONVERSION = YES;
				CLANG_WARN_INFINITE_RECURSION = YES;
				CLANG_WARN_INT_CONVERSION = YES;
				CLANG_WARN_NON_LITERAL_NULL_CONVERSION = YES;
				CLANG_WARN_OBJC_IMPLICIT_RETAIN_SELF = YES;
				CLANG_WARN_OBJC_LITERAL_CONVERSION = YES;
				CLANG_WARN_OBJC_ROOT_CLASS = YES_ERROR;
				CLANG_WARN_QUOTED_INCLUDE_IN_FRAMEWORK_HEADER = YES;
				CLANG_WARN_RANGE_LOOP_ANALYSIS = YES;
				CLANG_WARN_STRICT_PROTOTYPES = YES;
				CLANG_WARN_SUSPICIOUS_MOVE = YES;
				CLANG_WARN_UNGUARDED_AVAILABILITY = YES_AGGRESSIVE;
				CLANG_WARN_UNREACHABLE_CODE = YES;
				CLANG_WARN__DUPLICATE_METHOD_MATCH = YES;
				COPY_PHASE_STRIP = NO;
				DEBUG_INFORMATION_FORMAT = "dwarf-with-dsym";
				ENABLE_NS_ASSERTIONS = NO;
				ENABLE_STRICT_OBJC_MSGSEND = YES;
				ENABLE_USER_SCRIPT_SANDBOXING = YES;
				GCC_C_LANGUAGE_STANDARD = gnu17;
				GCC_NO_COMMON_BLOCKS = YES;
				GCC_WARN_64_TO_32_BIT_CONVERSION = YES;
				GCC_WARN_ABOUT_RETURN_TYPE = YES_ERROR;
				GCC_WARN_UNDECLARED_SELECTOR = YES;
				GCC_WARN_UNINITIALIZED_AUTOS = YES_AGGRESSIVE;
				GCC_WARN_UNUSED_FUNCTION = YES;
				GCC_WARN_UNUSED_VARIABLE = YES;
				IPHONEOS_DEPLOYMENT_TARGET = 15.0;
				LOCALIZATION_PREFERS_STRING_CATALOGS = YES;
				MTL_ENABLE_DEBUG_INFO = NO;
				MTL_FAST_MATH = YES;
				SDKROOT = iphoneos;
				SWIFT_COMPILATION_MODE = wholemodule;
				VALIDATE_PRODUCT = YES;
			};
			name = Release;
		};
		22122C622BF3F02F00A9117E /* Debug */ = {
			isa = XCBuildConfiguration;
			buildSettings = {
				ASSETCATALOG_COMPILER_APPICON_NAME = AppIcon;
				ASSETCATALOG_COMPILER_GLOBAL_ACCENT_COLOR_NAME = AccentColor;
				CODE_SIGN_STYLE = Automatic;
				CURRENT_PROJECT_VERSION = 1;
				DEVELOPMENT_ASSET_PATHS = "\"PeakPeace/Preview Content\"";
				DEVELOPMENT_TEAM = JMB8Y7C47R;
				ENABLE_PREVIEWS = YES;
				GENERATE_INFOPLIST_FILE = YES;
				INFOPLIST_KEY_UIApplicationSceneManifest_Generation = YES;
				INFOPLIST_KEY_UIApplicationSupportsIndirectInputEvents = YES;
				INFOPLIST_KEY_UILaunchScreen_Generation = YES;
				INFOPLIST_KEY_UISupportedInterfaceOrientations_iPad = "UIInterfaceOrientationPortrait UIInterfaceOrientationPortraitUpsideDown UIInterfaceOrientationLandscapeLeft UIInterfaceOrientationLandscapeRight";
				INFOPLIST_KEY_UISupportedInterfaceOrientations_iPhone = "UIInterfaceOrientationPortrait UIInterfaceOrientationLandscapeLeft UIInterfaceOrientationLandscapeRight";
				IPHONEOS_DEPLOYMENT_TARGET = 15.0;
				LD_RUNPATH_SEARCH_PATHS = (
					"$(inherited)",
					"@executable_path/Frameworks",
				);
				MARKETING_VERSION = 1.0;
				PRODUCT_BUNDLE_IDENTIFIER = com.KodiMaberek.PeakPeace;
				PRODUCT_NAME = "$(TARGET_NAME)";
				SWIFT_EMIT_LOC_STRINGS = YES;
				SWIFT_VERSION = 5.0;
				TARGETED_DEVICE_FAMILY = "1,2";
			};
			name = Debug;
		};
		22122C632BF3F02F00A9117E /* Release */ = {
			isa = XCBuildConfiguration;
			buildSettings = {
				ASSETCATALOG_COMPILER_APPICON_NAME = AppIcon;
				ASSETCATALOG_COMPILER_GLOBAL_ACCENT_COLOR_NAME = AccentColor;
				CODE_SIGN_STYLE = Automatic;
				CURRENT_PROJECT_VERSION = 1;
				DEVELOPMENT_ASSET_PATHS = "\"PeakPeace/Preview Content\"";
				DEVELOPMENT_TEAM = JMB8Y7C47R;
				ENABLE_PREVIEWS = YES;
				GENERATE_INFOPLIST_FILE = YES;
				INFOPLIST_KEY_UIApplicationSceneManifest_Generation = YES;
				INFOPLIST_KEY_UIApplicationSupportsIndirectInputEvents = YES;
				INFOPLIST_KEY_UILaunchScreen_Generation = YES;
				INFOPLIST_KEY_UISupportedInterfaceOrientations_iPad = "UIInterfaceOrientationPortrait UIInterfaceOrientationPortraitUpsideDown UIInterfaceOrientationLandscapeLeft UIInterfaceOrientationLandscapeRight";
				INFOPLIST_KEY_UISupportedInterfaceOrientations_iPhone = "UIInterfaceOrientationPortrait UIInterfaceOrientationLandscapeLeft UIInterfaceOrientationLandscapeRight";
				IPHONEOS_DEPLOYMENT_TARGET = 15.0;
				LD_RUNPATH_SEARCH_PATHS = (
					"$(inherited)",
					"@executable_path/Frameworks",
				);
				MARKETING_VERSION = 1.0;
				PRODUCT_BUNDLE_IDENTIFIER = com.KodiMaberek.PeakPeace;
				PRODUCT_NAME = "$(TARGET_NAME)";
				SWIFT_EMIT_LOC_STRINGS = YES;
				SWIFT_VERSION = 5.0;
				TARGETED_DEVICE_FAMILY = "1,2";
			};
			name = Release;
		};
/* End XCBuildConfiguration section */

/* Begin XCConfigurationList section */
		22122C4E2BF3F02E00A9117E /* Build configuration list for PBXProject "PeakPeace" */ = {
			isa = XCConfigurationList;
			buildConfigurations = (
				22122C5F2BF3F02F00A9117E /* Debug */,
				22122C602BF3F02F00A9117E /* Release */,
			);
			defaultConfigurationIsVisible = 0;
			defaultConfigurationName = Release;
		};
		22122C612BF3F02F00A9117E /* Build configuration list for PBXNativeTarget "PeakPeace" */ = {
			isa = XCConfigurationList;
			buildConfigurations = (
				22122C622BF3F02F00A9117E /* Debug */,
				22122C632BF3F02F00A9117E /* Release */,
			);
			defaultConfigurationIsVisible = 0;
			defaultConfigurationName = Release;
		};
/* End XCConfigurationList section */
	};
	rootObject = 22122C4B2BF3F02E00A9117E /* Project object */;
}
